
Microsoft Visual Studio Solution File, Format Version 12.00
# Visual Studio Version 17
VisualStudioVersion = 17.13.35919.96
MinimumVisualStudioVersion = 10.0.40219.1
Project("{FAE04EC0-301F-11D3-BF4B-00C04F79EFBC}") = "Chronicle", "Chronicle\Chronicle.csproj", "{752E64A3-ED95-418A-B76A-F7BCEFC6C6A6}"
EndProject
Project("{FAE04EC0-301F-11D3-BF4B-00C04F79EFBC}") = "Chronicle.Facilities.Buildings", "Chronicle.Facilities.Buildings\Chronicle.Facilities.Buildings.csproj", "{21DC3754-B026-4E80-949F-E70EEBBB11E7}"
EndProject
Project("{FAE04EC0-301F-11D3-BF4B-00C04F79EFBC}") = "Chronicle.About", "Chronicle.About\Chronicle.About.csproj", "{55281F3C-0897-324E-20AE-E17740A16B78}"
EndProject
Project("{FAE04EC0-301F-11D3-BF4B-00C04F79EFBC}") = "Chronicle.Facilities.Rooms", "Chronicle.Facilities.Rooms\Chronicle.Facilities.Rooms.csproj", "{1770308D-557E-8453-D27B-53BE158F423E}"
EndProject
Global
	GlobalSection(SolutionConfigurationPlatforms) = preSolution
		Debug|Any CPU = Debug|Any CPU
		Debug|x64 = Debug|x64
		Debug|x86 = Debug|x86
		Release|Any CPU = Release|Any CPU
		Release|x64 = Release|x64
		Release|x86 = Release|x86
	EndGlobalSection
	GlobalSection(ProjectConfigurationPlatforms) = postSolution
		{752E64A3-ED95-418A-B76A-F7BCEFC6C6A6}.Debug|Any CPU.ActiveCfg = Debug|Any CPU
		{752E64A3-ED95-418A-B76A-F7BCEFC6C6A6}.Debug|Any CPU.Build.0 = Debug|Any CPU
		{752E64A3-ED95-418A-B76A-F7BCEFC6C6A6}.Debug|x64.ActiveCfg = Debug|Any CPU
		{752E64A3-ED95-418A-B76A-F7BCEFC6C6A6}.Debug|x64.Build.0 = Debug|Any CPU
		{752E64A3-ED95-418A-B76A-F7BCEFC6C6A6}.Debug|x86.ActiveCfg = Debug|Any CPU
		{752E64A3-ED95-418A-B76A-F7BCEFC6C6A6}.Debug|x86.Build.0 = Debug|Any CPU
		{752E64A3-ED95-418A-B76A-F7BCEFC6C6A6}.Release|Any CPU.ActiveCfg = Release|Any CPU
		{752E64A3-ED95-418A-B76A-F7BCEFC6C6A6}.Release|Any CPU.Build.0 = Release|Any CPU
		{752E64A3-ED95-418A-B76A-F7BCEFC6C6A6}.Release|x64.ActiveCfg = Release|Any CPU
		{752E64A3-ED95-418A-B76A-F7BCEFC6C6A6}.Release|x64.Build.0 = Release|Any CPU
		{752E64A3-ED95-418A-B76A-F7BCEFC6C6A6}.Release|x86.ActiveCfg = Release|Any CPU
		{752E64A3-ED95-418A-B76A-F7BCEFC6C6A6}.Release|x86.Build.0 = Release|Any CPU
		{21DC3754-B026-4E80-949F-E70EEBBB11E7}.Debug|Any CPU.ActiveCfg = Debug|Any CPU
		{21DC3754-B026-4E80-949F-E70EEBBB11E7}.Debug|Any CPU.Build.0 = Debug|Any CPU
		{21DC3754-B026-4E80-949F-E70EEBBB11E7}.Debug|x64.ActiveCfg = Debug|Any CPU
		{21DC3754-B026-4E80-949F-E70EEBBB11E7}.Debug|x64.Build.0 = Debug|Any CPU
		{21DC3754-B026-4E80-949F-E70EEBBB11E7}.Debug|x86.ActiveCfg = Debug|Any CPU
		{21DC3754-B026-4E80-949F-E70EEBBB11E7}.Debug|x86.Build.0 = Debug|Any CPU
		{21DC3754-B026-4E80-949F-E70EEBBB11E7}.Release|Any CPU.ActiveCfg = Release|Any CPU
		{21DC3754-B026-4E80-949F-E70EEBBB11E7}.Release|Any CPU.Build.0 = Release|Any CPU
		{21DC3754-B026-4E80-949F-E70EEBBB11E7}.Release|x64.ActiveCfg = Release|Any CPU
		{21DC3754-B026-4E80-949F-E70EEBBB11E7}.Release|x64.Build.0 = Release|Any CPU
		{21DC3754-B026-4E80-949F-E70EEBBB11E7}.Release|x86.ActiveCfg = Release|Any CPU
		{21DC3754-B026-4E80-949F-E70EEBBB11E7}.Release|x86.Build.0 = Release|Any CPU
		{55281F3C-0897-324E-20AE-E17740A16B78}.Debug|Any CPU.ActiveCfg = Debug|Any CPU
		{55281F3C-0897-324E-20AE-E17740A16B78}.Debug|Any CPU.Build.0 = Debug|Any CPU
		{55281F3C-0897-324E-20AE-E17740A16B78}.Debug|x64.ActiveCfg = Debug|Any CPU
		{55281F3C-0897-324E-20AE-E17740A16B78}.Debug|x64.Build.0 = Debug|Any CPU
		{55281F3C-0897-324E-20AE-E17740A16B78}.Debug|x86.ActiveCfg = Debug|Any CPU
		{55281F3C-0897-324E-20AE-E17740A16B78}.Debug|x86.Build.0 = Debug|Any CPU
		{55281F3C-0897-324E-20AE-E17740A16B78}.Release|Any CPU.ActiveCfg = Release|Any CPU
		{55281F3C-0897-324E-20AE-E17740A16B78}.Release|Any CPU.Build.0 = Release|Any CPU
		{55281F3C-0897-324E-20AE-E17740A16B78}.Release|x64.ActiveCfg = Release|Any CPU
		{55281F3C-0897-324E-20AE-E17740A16B78}.Release|x64.Build.0 = Release|Any CPU
		{55281F3C-0897-324E-20AE-E17740A16B78}.Release|x86.ActiveCfg = Release|Any CPU
		{55281F3C-0897-324E-20AE-E17740A16B78}.Release|x86.Build.0 = Release|Any CPU
		{1770308D-557E-8453-D27B-53BE158F423E}.Debug|Any CPU.ActiveCfg = Debug|Any CPU
		{1770308D-557E-8453-D27B-53BE158F423E}.Debug|Any CPU.Build.0 = Debug|Any CPU
		{1770308D-557E-8453-D27B-53BE158F423E}.Debug|x64.ActiveCfg = Debug|Any CPU
		{1770308D-557E-8453-D27B-53BE158F423E}.Debug|x64.Build.0 = Debug|Any CPU
		{1770308D-557E-8453-D27B-53BE158F423E}.Debug|x86.ActiveCfg = Debug|Any CPU
		{1770308D-557E-8453-D27B-53BE158F423E}.Debug|x86.Build.0 = Debug|Any CPU
		{1770308D-557E-8453-D27B-53BE158F423E}.Release|Any CPU.ActiveCfg = Release|Any CPU
		{1770308D-557E-8453-D27B-53BE158F423E}.Release|Any CPU.Build.0 = Release|Any CPU
		{1770308D-557E-8453-D27B-53BE158F423E}.Release|x64.ActiveCfg = Release|Any CPU
		{1770308D-557E-8453-D27B-53BE158F423E}.Release|x64.Build.0 = Release|Any CPU
		{1770308D-557E-8453-D27B-53BE158F423E}.Release|x86.ActiveCfg = Release|Any CPU
		{1770308D-557E-8453-D27B-53BE158F423E}.Release|x86.Build.0 = Release|Any CPU
	EndGlobalSection
	GlobalSection(SolutionProperties) = preSolution
		HideSolutionNode = FALSE
	EndGlobalSection
	GlobalSection(ExtensibilityGlobals) = postSolution
		SolutionGuid = {1E0FEF58-DD19-4A24-B115-6AEDE8A5D332}
	EndGlobalSection
EndGlobal
